
Microsoft Visual Studio Solution File, Format Version 12.00
# Visual Studio Version 16
VisualStudioVersion = 16.0.32901.82
MinimumVisualStudioVersion = 10.0.40219.1
Project("{FAE04EC0-301F-11D3-BF4B-00C04F79EFBC}") = "hackoween-oct-2022", "hackoween-oct-2022\hackoween-oct-2022.csproj", "{0DEC0B75-A318-479F-8852-313918BB4C15}"
EndProject
Global
	GlobalSection(SolutionConfigurationPlatforms) = preSolution
		Debug|Any CPU = Debug|Any CPU
		Release|Any CPU = Release|Any CPU
	EndGlobalSection
	GlobalSection(ProjectConfigurationPlatforms) = postSolution
		{0DEC0B75-A318-479F-8852-313918BB4C15}.Debug|Any CPU.ActiveCfg = Debug|Any CPU
		{0DEC0B75-A318-479F-8852-313918BB4C15}.Debug|Any CPU.Build.0 = Debug|Any CPU
		{0DEC0B75-A318-479F-8852-313918BB4C15}.Release|Any CPU.ActiveCfg = Release|Any CPU
		{0DEC0B75-A318-479F-8852-313918BB4C15}.Release|Any CPU.Build.0 = Release|Any CPU
	EndGlobalSection
	GlobalSection(SolutionProperties) = preSolution
		HideSolutionNode = FALSE
	EndGlobalSection
	GlobalSection(ExtensibilityGlobals) = postSolution
		SolutionGuid = {767C03C3-3350-4E31-BEFB-8BECD01816D0}
	EndGlobalSection
EndGlobal
